
Microsoft Visual Studio Solution File, Format Version 12.00
# Visual Studio 15
Project("{FAE04EC0-301F-11D3-BF4B-00C04F79EFBC}") = "Klak.Spout", "Klak.Spout.csproj", "{B724BB39-8ABC-93C5-6C39-1148E2389D94}"
EndProject
Project("{FAE04EC0-301F-11D3-BF4B-00C04F79EFBC}") = "Assembly-CSharp", "Assembly-CSharp.csproj", "{C3531D0C-0C58-CAD4-02AD-A43E410F2C1D}"
EndProject
Project("{FAE04EC0-301F-11D3-BF4B-00C04F79EFBC}") = "Klak.Spout.Editor", "Klak.Spout.Editor.csproj", "{B890EE0A-C9E3-1456-9B25-34E01164189F}"
EndProject
Global
	GlobalSection(SolutionConfigurationPlatforms) = preSolution
		Debug|Any CPU = Debug|Any CPU
		Release|Any CPU = Release|Any CPU
	EndGlobalSection
	GlobalSection(ProjectConfigurationPlatforms) = postSolution
		{B724BB39-8ABC-93C5-6C39-1148E2389D94}.Debug|Any CPU.ActiveCfg = Debug|Any CPU
		{B724BB39-8ABC-93C5-6C39-1148E2389D94}.Debug|Any CPU.Build.0 = Debug|Any CPU
		{B724BB39-8ABC-93C5-6C39-1148E2389D94}.Release|Any CPU.ActiveCfg = Release|Any CPU
		{B724BB39-8ABC-93C5-6C39-1148E2389D94}.Release|Any CPU.Build.0 = Release|Any CPU
		{C3531D0C-0C58-CAD4-02AD-A43E410F2C1D}.Debug|Any CPU.ActiveCfg = Debug|Any CPU
		{C3531D0C-0C58-CAD4-02AD-A43E410F2C1D}.Debug|Any CPU.Build.0 = Debug|Any CPU
		{C3531D0C-0C58-CAD4-02AD-A43E410F2C1D}.Release|Any CPU.ActiveCfg = Release|Any CPU
		{C3531D0C-0C58-CAD4-02AD-A43E410F2C1D}.Release|Any CPU.Build.0 = Release|Any CPU
		{B890EE0A-C9E3-1456-9B25-34E01164189F}.Debug|Any CPU.ActiveCfg = Debug|Any CPU
		{B890EE0A-C9E3-1456-9B25-34E01164189F}.Debug|Any CPU.Build.0 = Debug|Any CPU
		{B890EE0A-C9E3-1456-9B25-34E01164189F}.Release|Any CPU.ActiveCfg = Release|Any CPU
		{B890EE0A-C9E3-1456-9B25-34E01164189F}.Release|Any CPU.Build.0 = Release|Any CPU
	EndGlobalSection
	GlobalSection(SolutionProperties) = preSolution
		HideSolutionNode = FALSE
	EndGlobalSection
EndGlobal
